{
    "name": "Radiance DEX core",
    "version": "1.0.0",
    "lockfileVersion": 2,
    "requires": true,
    "packages": {
        "": {
            "name": "Radiance DEX core",
            "version": "1.0.0",
            "license": "ISC",
            "dependencies": {
                "@tonclient/appkit": "^0.1.0",
                "@tonclient/core": "^1.10.2",
                "@tonclient/lib-node": "^1.10.2",
                "ascii-hex": "^1.0.1",
                "coingecko-api": "^1.0.10",
                "hex2ascii": "^0.0.3"
            },
            "devDependencies": {
                "@types/node": "^14.14.31"
            }
        },
        "node_modules/@tonclient/appkit": {
            "version": "0.1.0",
            "resolved": "https://registry.npmjs.org/@tonclient/appkit/-/appkit-0.1.0.tgz",
            "integrity": "sha512-4Ha/4lIsFBx+0Ax1HkIpFU5TkvAVQAmFSZfdqPE/2FabDGY7RzIsO3lwzt7Ti5MkXzW+BITZEt/V8taTPaP/TA==",
            "dependencies": {
                "@tonclient/core": "^1"
            },
            "engines": {
                "node": ">=6"
            }
        },
        "node_modules/@tonclient/core": {
            "version": "1.11.1",
            "resolved": "https://registry.npmjs.org/@tonclient/core/-/core-1.11.1.tgz",
            "integrity": "sha512-2solUM3L6yHo276L+CywHlzGTO9Qs80dWupjLfrOvG+weDn99KTTCFzRhnyRMXlwwk5JyYaRnNxmhR0j+OZGtg==",
            "engines": {
                "node": ">=6"
            }
        },
        "node_modules/@tonclient/lib-node": {
            "version": "1.11.1",
            "resolved": "https://registry.npmjs.org/@tonclient/lib-node/-/lib-node-1.11.1.tgz",
            "integrity": "sha512-7z/j7f7kSWQl6kW3+eG4y53wkqKoOHWn3vwD99NAzvmNKg81JFjOjxGMXkw2S1gMqrGXO9BPoLF+y+dE6e1apA==",
            "hasInstallScript": true,
            "engines": {
                "node": ">=6"
            }
        },
        "node_modules/@types/node": {
            "version": "14.14.35",
            "resolved": "https://registry.npmjs.org/@types/node/-/node-14.14.35.tgz",
            "integrity": "sha512-Lt+wj8NVPx0zUmUwumiVXapmaLUcAk3yPuHCFVXras9k5VT9TdhJqKqGVUQCD60OTMCl0qxJ57OiTL0Mic3Iag==",
            "dev": true
        },
        "node_modules/ascii-hex": {
            "version": "1.0.1",
            "resolved": "https://registry.npmjs.org/ascii-hex/-/ascii-hex-1.0.1.tgz",
            "integrity": "sha1-PriUYNrBIwcvsoKeNgyHMUjO9og=",
            "engines": {
                "node": ">=0.10.0"
            }
        },
        "node_modules/coingecko-api": {
            "version": "1.0.10",
            "resolved": "https://registry.npmjs.org/coingecko-api/-/coingecko-api-1.0.10.tgz",
            "integrity": "sha512-7YLLC85+daxAw5QlBWoHVBVpJRwoPr4HtwanCr8V/WRjoyHTa1Lb9DQAvv4MDJZHiz4no6HGnDQnddtjV35oRA=="
        },
        "node_modules/hex2ascii": {
            "version": "0.0.3",
            "resolved": "https://registry.npmjs.org/hex2ascii/-/hex2ascii-0.0.3.tgz",
            "integrity": "sha1-LasIutWjRDDdXMdRJx6sSpDq6Po=",
            "engines": {
                "node": ">=7"
            }
        }
    },
    "dependencies": {
        "@tonclient/appkit": {
            "version": "0.1.0",
            "resolved": "https://registry.npmjs.org/@tonclient/appkit/-/appkit-0.1.0.tgz",
            "integrity": "sha512-4Ha/4lIsFBx+0Ax1HkIpFU5TkvAVQAmFSZfdqPE/2FabDGY7RzIsO3lwzt7Ti5MkXzW+BITZEt/V8taTPaP/TA==",
            "requires": {
                "@tonclient/core": "^1"
            }
        },
        "@tonclient/core": {
            "version": "1.11.1",
            "resolved": "https://registry.npmjs.org/@tonclient/core/-/core-1.11.1.tgz",
            "integrity": "sha512-2solUM3L6yHo276L+CywHlzGTO9Qs80dWupjLfrOvG+weDn99KTTCFzRhnyRMXlwwk5JyYaRnNxmhR0j+OZGtg=="
        },
        "@tonclient/lib-node": {
            "version": "1.11.1",
            "resolved": "https://registry.npmjs.org/@tonclient/lib-node/-/lib-node-1.11.1.tgz",
            "integrity": "sha512-7z/j7f7kSWQl6kW3+eG4y53wkqKoOHWn3vwD99NAzvmNKg81JFjOjxGMXkw2S1gMqrGXO9BPoLF+y+dE6e1apA=="
        },
        "@types/node": {
            "version": "14.14.35",
            "resolved": "https://registry.npmjs.org/@types/node/-/node-14.14.35.tgz",
            "integrity": "sha512-Lt+wj8NVPx0zUmUwumiVXapmaLUcAk3yPuHCFVXras9k5VT9TdhJqKqGVUQCD60OTMCl0qxJ57OiTL0Mic3Iag==",
            "dev": true
        },
        "ascii-hex": {
            "version": "1.0.1",
            "resolved": "https://registry.npmjs.org/ascii-hex/-/ascii-hex-1.0.1.tgz",
            "integrity": "sha1-PriUYNrBIwcvsoKeNgyHMUjO9og="
        },
        "coingecko-api": {
            "version": "1.0.10",
            "resolved": "https://registry.npmjs.org/coingecko-api/-/coingecko-api-1.0.10.tgz",
            "integrity": "sha512-7YLLC85+daxAw5QlBWoHVBVpJRwoPr4HtwanCr8V/WRjoyHTa1Lb9DQAvv4MDJZHiz4no6HGnDQnddtjV35oRA=="
        },
        "hex2ascii": {
            "version": "0.0.3",
            "resolved": "https://registry.npmjs.org/hex2ascii/-/hex2ascii-0.0.3.tgz",
            "integrity": "sha1-LasIutWjRDDdXMdRJx6sSpDq6Po="
        }
    }
}
